
Microsoft Visual Studio Solution File, Format Version 12.00
# Visual Studio Version 16
VisualStudioVersion = 16.0.31205.134
MinimumVisualStudioVersion = 10.0.40219.1
Project("{9A19103F-16F7-4668-BE54-9A1E7A4F7556}") = "JA_Projekt", "JA_Projekt\JA_Projekt.csproj", "{8CFB1E79-9EDB-41AA-8694-17319F099FAE}"
	ProjectSection(ProjectDependencies) = postProject
		{6C095707-200D-4903-91F1-73DDB3CA19A1} = {6C095707-200D-4903-91F1-73DDB3CA19A1}
		{61EDDD08-E286-453B-B880-F1F8A14FC919} = {61EDDD08-E286-453B-B880-F1F8A14FC919}
	EndProjectSection
EndProject
Project("{8BC9CEB8-8B4A-11D0-8D11-00A0C91BC942}") = "GaussEliminationASM", "GaussEliminationASM\GaussEliminationASM.vcxproj", "{61EDDD08-E286-453B-B880-F1F8A14FC919}"
EndProject
Project("{8BC9CEB8-8B4A-11D0-8D11-00A0C91BC942}") = "GaussEliminationCPP", "GaussEliminationCPP\GaussEliminationCPP.vcxproj", "{6C095707-200D-4903-91F1-73DDB3CA19A1}"
EndProject
Global
	GlobalSection(SolutionConfigurationPlatforms) = preSolution
		Debug|Any CPU = Debug|Any CPU
		Debug|x64 = Debug|x64
		Debug|x86 = Debug|x86
		Release|Any CPU = Release|Any CPU
		Release|x64 = Release|x64
		Release|x86 = Release|x86
	EndGlobalSection
	GlobalSection(ProjectConfigurationPlatforms) = postSolution
		{8CFB1E79-9EDB-41AA-8694-17319F099FAE}.Debug|Any CPU.ActiveCfg = Debug|x64
		{8CFB1E79-9EDB-41AA-8694-17319F099FAE}.Debug|Any CPU.Build.0 = Debug|x64
		{8CFB1E79-9EDB-41AA-8694-17319F099FAE}.Debug|x64.ActiveCfg = Debug|x64
		{8CFB1E79-9EDB-41AA-8694-17319F099FAE}.Debug|x64.Build.0 = Debug|x64
		{8CFB1E79-9EDB-41AA-8694-17319F099FAE}.Debug|x86.ActiveCfg = Debug|Any CPU
		{8CFB1E79-9EDB-41AA-8694-17319F099FAE}.Debug|x86.Build.0 = Debug|Any CPU
		{8CFB1E79-9EDB-41AA-8694-17319F099FAE}.Release|Any CPU.ActiveCfg = Release|Any CPU
		{8CFB1E79-9EDB-41AA-8694-17319F099FAE}.Release|Any CPU.Build.0 = Release|Any CPU
		{8CFB1E79-9EDB-41AA-8694-17319F099FAE}.Release|x64.ActiveCfg = Release|Any CPU
		{8CFB1E79-9EDB-41AA-8694-17319F099FAE}.Release|x64.Build.0 = Release|Any CPU
		{8CFB1E79-9EDB-41AA-8694-17319F099FAE}.Release|x86.ActiveCfg = Release|Any CPU
		{8CFB1E79-9EDB-41AA-8694-17319F099FAE}.Release|x86.Build.0 = Release|Any CPU
		{61EDDD08-E286-453B-B880-F1F8A14FC919}.Debug|Any CPU.ActiveCfg = Debug|Win32
		{61EDDD08-E286-453B-B880-F1F8A14FC919}.Debug|x64.ActiveCfg = Debug|x64
		{61EDDD08-E286-453B-B880-F1F8A14FC919}.Debug|x64.Build.0 = Debug|x64
		{61EDDD08-E286-453B-B880-F1F8A14FC919}.Debug|x86.ActiveCfg = Debug|Win32
		{61EDDD08-E286-453B-B880-F1F8A14FC919}.Debug|x86.Build.0 = Debug|Win32
		{61EDDD08-E286-453B-B880-F1F8A14FC919}.Release|Any CPU.ActiveCfg = Release|Win32
		{61EDDD08-E286-453B-B880-F1F8A14FC919}.Release|x64.ActiveCfg = Release|x64
		{61EDDD08-E286-453B-B880-F1F8A14FC919}.Release|x64.Build.0 = Release|x64
		{61EDDD08-E286-453B-B880-F1F8A14FC919}.Release|x86.ActiveCfg = Release|Win32
		{61EDDD08-E286-453B-B880-F1F8A14FC919}.Release|x86.Build.0 = Release|Win32
		{6C095707-200D-4903-91F1-73DDB3CA19A1}.Debug|Any CPU.ActiveCfg = Debug|Win32
		{6C095707-200D-4903-91F1-73DDB3CA19A1}.Debug|x64.ActiveCfg = Debug|x64
		{6C095707-200D-4903-91F1-73DDB3CA19A1}.Debug|x64.Build.0 = Debug|x64
		{6C095707-200D-4903-91F1-73DDB3CA19A1}.Debug|x86.ActiveCfg = Debug|Win32
		{6C095707-200D-4903-91F1-73DDB3CA19A1}.Debug|x86.Build.0 = Debug|Win32
		{6C095707-200D-4903-91F1-73DDB3CA19A1}.Release|Any CPU.ActiveCfg = Release|Win32
		{6C095707-200D-4903-91F1-73DDB3CA19A1}.Release|x64.ActiveCfg = Release|x64
		{6C095707-200D-4903-91F1-73DDB3CA19A1}.Release|x64.Build.0 = Release|x64
		{6C095707-200D-4903-91F1-73DDB3CA19A1}.Release|x86.ActiveCfg = Release|Win32
		{6C095707-200D-4903-91F1-73DDB3CA19A1}.Release|x86.Build.0 = Release|Win32
	EndGlobalSection
	GlobalSection(SolutionProperties) = preSolution
		HideSolutionNode = FALSE
	EndGlobalSection
	GlobalSection(ExtensibilityGlobals) = postSolution
		SolutionGuid = {6FF525AC-8C84-4B37-9D7C-BDB13DAF031A}
	EndGlobalSection
EndGlobal
